// !$*UTF8*$!
{
	archiveVersion = 1;
	classes = {
	};
	objectVersion = 48;
	objects = {

/* Begin PBXBuildFile section */
		A87C39EA2001F1F1004CBAC2 /* AppDelegate.swift in Sources */ = {isa = PBXBuildFile; fileRef = A87C39E92001F1F1004CBAC2 /* AppDelegate.swift */; };
		A87C39EC2001F1F1004CBAC2 /* ViewController.swift in Sources */ = {isa = PBXBuildFile; fileRef = A87C39EB2001F1F1004CBAC2 /* ViewController.swift */; };
		A87C39EF2001F1F1004CBAC2 /* Main.storyboard in Resources */ = {isa = PBXBuildFile; fileRef = A87C39ED2001F1F1004CBAC2 /* Main.storyboard */; };
		A87C39F12001F1F1004CBAC2 /* Assets.xcassets in Resources */ = {isa = PBXBuildFile; fileRef = A87C39F02001F1F1004CBAC2 /* Assets.xcassets */; };
		A87C39F42001F1F1004CBAC2 /* LaunchScreen.storyboard in Resources */ = {isa = PBXBuildFile; fileRef = A87C39F22001F1F1004CBAC2 /* LaunchScreen.storyboard */; };
/* End PBXBuildFile section */

/* Begin PBXFileReference section */
		A87C39E62001F1F1004CBAC2 /* CryptoTicker.app */ = {isa = PBXFileReference; explicitFileType = wrapper.application; includeInIndex = 0; path = CryptoTicker.app; sourceTree = BUILT_PRODUCTS_DIR; };
		A87C39E92001F1F1004CBAC2 /* AppDelegate.swift */ = {isa = PBXFileReference; lastKnownFileType = sourcecode.swift; path = AppDelegate.swift; sourceTree = "<group>"; };
		A87C39EB2001F1F1004CBAC2 /* ViewController.swift */ = {isa = PBXFileReference; lastKnownFileType = sourcecode.swift; path = ViewController.swift; sourceTree = "<group>"; };
		A87C39EE2001F1F1004CBAC2 /* Base */ = {isa = PBXFileReference; lastKnownFileType = file.storyboard; name = Base; path = Base.lproj/Main.storyboard; sourceTree = "<group>"; };
		A87C39F02001F1F1004CBAC2 /* Assets.xcassets */ = {isa = PBXFileReference; lastKnownFileType = folder.assetcatalog; path = Assets.xcassets; sourceTree = "<group>"; };
		A87C39F32001F1F1004CBAC2 /* Base */ = {isa = PBXFileReference; lastKnownFileType = file.storyboard; name = Base; path = Base.lproj/LaunchScreen.storyboard; sourceTree = "<group>"; };
		A87C39F52001F1F1004CBAC2 /* Info.plist */ = {isa = PBXFileReference; lastKnownFileType = text.plist.xml; path = Info.plist; sourceTree = "<group>"; };
/* End PBXFileReference section */

/* Begin PBXFrameworksBuildPhase section */
		A87C39E32001F1F1004CBAC2 /* Frameworks */ = {
			isa = PBXFrameworksBuildPhase;
			buildActionMask = 2147483647;
			files = (
			);
			runOnlyForDeploymentPostprocessing = 0;
		};
/* End PBXFrameworksBuildPhase section */

/* Begin PBXGroup section */
		A87C39DD2001F1F1004CBAC2 = {
			isa = PBXGroup;
			children = (
				A87C39E82001F1F1004CBAC2 /* CryptoTicker */,
				A87C39E72001F1F1004CBAC2 /* Products */,
			);
			sourceTree = "<group>";
		};
		A87C39E72001F1F1004CBAC2 /* Products */ = {
			isa = PBXGroup;
			children = (
				A87C39E62001F1F1004CBAC2 /* CryptoTicker.app */,
			);
			name = Products;
			sourceTree = "<group>";
		};
		A87C39E82001F1F1004CBAC2 /* CryptoTicker */ = {
			isa = PBXGroup;
			children = (
				A87C39E92001F1F1004CBAC2 /* AppDelegate.swift */,
				A87C39EB2001F1F1004CBAC2 /* ViewController.swift */,
				A87C39ED2001F1F1004CBAC2 /* Main.storyboard */,
				A87C39F02001F1F1004CBAC2 /* Assets.xcassets */,
				A87C39F22001F1F1004CBAC2 /* LaunchScreen.storyboard */,
				A87C39F52001F1F1004CBAC2 /* Info.plist */,
			);
			path = CryptoTicker;
			sourceTree = "<group>";
		};
/* End PBXGroup section */

/* Begin PBXNativeTarget section */
		A87C39E52001F1F1004CBAC2 /* CryptoTicker */ = {
			isa = PBXNativeTarget;
			buildConfigurationList = A87C39F82001F1F1004CBAC2 /* Build configuration list for PBXNativeTarget "CryptoTicker" */;
			buildPhases = (
				A87C39E22001F1F1004CBAC2 /* Sources */,
				A87C39E32001F1F1004CBAC2 /* Frameworks */,
				A87C39E42001F1F1004CBAC2 /* Resources */,
			);
			buildRules = (
			);
			dependencies = (
			);
			name = CryptoTicker;
			productName = CryptoTicker;
			productReference = A87C39E62001F1F1004CBAC2 /* CryptoTicker.app */;
			productType = "com.apple.product-type.application";
		};
/* End PBXNativeTarget section */

/* Begin PBXProject section */
		A87C39DE2001F1F1004CBAC2 /* Project object */ = {
			isa = PBXProject;
			attributes = {
				LastSwiftUpdateCheck = 0920;
				LastUpgradeCheck = 0920;
				ORGANIZATIONNAME = "Adrian Smith";
				TargetAttributes = {
					A87C39E52001F1F1004CBAC2 = {
						CreatedOnToolsVersion = 9.2;
						ProvisioningStyle = Automatic;
					};
				};
			};
			buildConfigurationList = A87C39E12001F1F1004CBAC2 /* Build configuration list for PBXProject "CryptoTicker" */;
			compatibilityVersion = "Xcode 8.0";
			developmentRegion = en;
			hasScannedForEncodings = 0;
			knownRegions = (
				en,
				Base,
			);
			mainGroup = A87C39DD2001F1F1004CBAC2;
			productRefGroup = A87C39E72001F1F1004CBAC2 /* Products */;
			projectDirPath = "";
			projectRoot = "";
			targets = (
				A87C39E52001F1F1004CBAC2 /* CryptoTicker */,
			);
		};
/* End PBXProject section */

/* Begin PBXResourcesBuildPhase section */
		A87C39E42001F1F1004CBAC2 /* Resources */ = {
			isa = PBXResourcesBuildPhase;
			buildActionMask = 2147483647;
			files = (
				A87C39F42001F1F1004CBAC2 /* LaunchScreen.storyboard in Resources */,
				A87C39F12001F1F1004CBAC2 /* Assets.xcassets in Resources */,
				A87C39EF2001F1F1004CBAC2 /* Main.storyboard in Resources */,
			);
			runOnlyForDeploymentPostprocessing = 0;
		};
/* End PBXResourcesBuildPhase section */

/* Begin PBXSourcesBuildPhase section */
		A87C39E22001F1F1004CBAC2 /* Sources */ = {
			isa = PBXSourcesBuildPhase;
			buildActionMask = 2147483647;
			files = (
				A87C39EC2001F1F1004CBAC2 /* ViewController.swift in Sources */,
				A87C39EA2001F1F1004CBAC2 /* AppDelegate.swift in Sources */,
			);
			runOnlyForDeploymentPostprocessing = 0;
		};
/* End PBXSourcesBuildPhase section */

/* Begin PBXVariantGroup section */
		A87C39ED2001F1F1004CBAC2 /* Main.storyboard */ = {
			isa = PBXVariantGroup;
			children = (
				A87C39EE2001F1F1004CBAC2 /* Base */,
			);
			name = Main.storyboard;
			sourceTree = "<group>";
		};
		A87C39F22001F1F1004CBAC2 /* LaunchScreen.storyboard */ = {
			isa = PBXVariantGroup;
			children = (
				A87C39F32001F1F1004CBAC2 /* Base */,
			);
			name = LaunchScreen.storyboard;
			sourceTree = "<group>";
		};
/* End PBXVariantGroup section */

/* Begin XCBuildConfiguration section */
		A87C39F62001F1F1004CBAC2 /* Debug */ = {
			isa = XCBuildConfiguration;
			buildSettings = {
				ALWAYS_SEARCH_USER_PATHS = NO;
				CLANG_ANALYZER_NONNULL = YES;
				CLANG_ANALYZER_NUMBER_OBJECT_CONVERSION = YES_AGGRESSIVE;
				CLANG_CXX_LANGUAGE_STANDARD = "gnu++14";
				CLANG_CXX_LIBRARY = "libc++";
				CLANG_ENABLE_MODULES = YES;
				CLANG_ENABLE_OBJC_ARC = YES;
				CLANG_WARN_BLOCK_CAPTURE_AUTORELEASING = YES;
				CLANG_WARN_BOOL_CONVERSION = YES;
				CLANG_WARN_COMMA = YES;
				CLANG_WARN_CONSTANT_CONVERSION = YES;
				CLANG_WARN_DIRECT_OBJC_ISA_USAGE = YES_ERROR;
				CLANG_WARN_DOCUMENTATION_COMMENTS = YES;
				CLANG_WARN_EMPTY_BODY = YES;
				CLANG_WARN_ENUM_CONVERSION = YES;
				CLANG_WARN_INFINITE_RECURSION = YES;
				CLANG_WARN_INT_CONVERSION = YES;
				CLANG_WARN_NON_LITERAL_NULL_CONVERSION = YES;
				CLANG_WARN_OBJC_LITERAL_CONVERSION = YES;
				CLANG_WARN_OBJC_ROOT_CLASS = YES_ERROR;
				CLANG_WARN_RANGE_LOOP_ANALYSIS = YES;
				CLANG_WARN_STRICT_PROTOTYPES = YES;
				CLANG_WARN_SUSPICIOUS_MOVE = YES;
				CLANG_WARN_UNGUARDED_AVAILABILITY = YES_AGGRESSIVE;
				CLANG_WARN_UNREACHABLE_CODE = YES;
				CLANG_WARN__DUPLICATE_METHOD_MATCH = YES;
				CODE_SIGN_IDENTITY = "iPhone Developer";
				COPY_PHASE_STRIP = NO;
				DEBUG_INFORMATION_FORMAT = dwarf;
				ENABLE_STRICT_OBJC_MSGSEND = YES;
				ENABLE_TESTABILITY = YES;
				GCC_C_LANGUAGE_STANDARD = gnu11;
				GCC_DYNAMIC_NO_PIC = NO;
				GCC_NO_COMMON_BLOCKS = YES;
				GCC_OPTIMIZATION_LEVEL = 0;
				GCC_PREPROCESSOR_DEFINITIONS = (
					"DEBUG=1",
					"$(inherited)",
				);
				GCC_WARN_64_TO_32_BIT_CONVERSION = YES;
				GCC_WARN_ABOUT_RETURN_TYPE = YES_ERROR;
				GCC_WARN_UNDECLARED_SELECTOR = YES;
				GCC_WARN_UNINITIALIZED_AUTOS = YES_AGGRESSIVE;
				GCC_WARN_UNUSED_FUNCTION = YES;
				GCC_WARN_UNUSED_VARIABLE = YES;
				IPHONEOS_DEPLOYMENT_TARGET = 11.2;
				MTL_ENABLE_DEBUG_INFO = YES;
				ONLY_ACTIVE_ARCH = YES;
				SDKROOT = iphoneos;
				SWIFT_ACTIVE_COMPILATION_CONDITIONS = DEBUG;
				SWIFT_OPTIMIZATION_LEVEL = "-Onone";
			};
			name = Debug;
		};
		A87C39F72001F1F1004CBAC2 /* Release */ = {
			isa = XCBuildConfiguration;
			buildSettings = {
				ALWAYS_SEARCH_USER_PATHS = NO;
				CLANG_ANALYZER_NONNULL = YES;
				CLANG_ANALYZER_NUMBER_OBJECT_CONVERSION = YES_AGGRESSIVE;
				CLANG_CXX_LANGUAGE_STANDARD = "gnu++14";
				CLANG_CXX_LIBRARY = "libc++";
				CLANG_ENABLE_MODULES = YES;
				CLANG_ENABLE_OBJC_ARC = YES;
				CLANG_WARN_BLOCK_CAPTURE_AUTORELEASING = YES;
				CLANG_WARN_BOOL_CONVERSION = YES;
				CLANG_WARN_COMMA = YES;
				CLANG_WARN_CONSTANT_CONVERSION = YES;
				CLANG_WARN_DIRECT_OBJC_ISA_USAGE = YES_ERROR;
				CLANG_WARN_DOCUMENTATION_COMMENTS = YES;
				CLANG_WARN_EMPTY_BODY = YES;
				CLANG_WARN_ENUM_CONVERSION = YES;
				CLANG_WARN_INFINITE_RECURSION = YES;
				CLANG_WARN_INT_CONVERSION = YES;
				CLANG_WARN_NON_LITERAL_NULL_CONVERSION = YES;
				CLANG_WARN_OBJC_LITERAL_CONVERSION = YES;
				CLANG_WARN_OBJC_ROOT_CLASS = YES_ERROR;
				CLANG_WARN_RANGE_LOOP_ANALYSIS = YES;
				CLANG_WARN_STRICT_PROTOTYPES = YES;
				CLANG_WARN_SUSPICIOUS_MOVE = YES;
				CLANG_WARN_UNGUARDED_AVAILABILITY = YES_AGGRESSIVE;
				CLANG_WARN_UNREACHABLE_CODE = YES;
				CLANG_WARN__DUPLICATE_METHOD_MATCH = YES;
				CODE_SIGN_IDENTITY = "iPhone Developer";
				COPY_PHASE_STRIP = NO;
				DEBUG_INFORMATION_FORMAT = "dwarf-with-dsym";
				ENABLE_NS_ASSERTIONS = NO;
				ENABLE_STRICT_OBJC_MSGSEND = YES;
				GCC_C_LANGUAGE_STANDARD = gnu11;
				GCC_NO_COMMON_BLOCKS = YES;
				GCC_WARN_64_TO_32_BIT_CONVERSION = YES;
				GCC_WARN_ABOUT_RETURN_TYPE = YES_ERROR;
				GCC_WARN_UNDECLARED_SELECTOR = YES;
				GCC_WARN_UNINITIALIZED_AUTOS = YES_AGGRESSIVE;
				GCC_WARN_UNUSED_FUNCTION = YES;
				GCC_WARN_UNUSED_VARIABLE = YES;
				IPHONEOS_DEPLOYMENT_TARGET = 11.2;
				MTL_ENABLE_DEBUG_INFO = NO;
				SDKROOT = iphoneos;
				SWIFT_OPTIMIZATION_LEVEL = "-Owholemodule";
				VALIDATE_PRODUCT = YES;
			};
			name = Release;
		};
		A87C39F92001F1F1004CBAC2 /* Debug */ = {
			isa = XCBuildConfiguration;
			buildSettings = {
				ASSETCATALOG_COMPILER_APPICON_NAME = AppIcon;
				CODE_SIGN_STYLE = Automatic;
				DEVELOPMENT_TEAM = CQXBT69VFB;
				INFOPLIST_FILE = CryptoTicker/Info.plist;
				LD_RUNPATH_SEARCH_PATHS = "$(inherited) @executable_path/Frameworks";
				PRODUCT_BUNDLE_IDENTIFIER = com.adriansmith.CryptoTicker;
				PRODUCT_NAME = "$(TARGET_NAME)";
				SWIFT_VERSION = 4.0;
				TARGETED_DEVICE_FAMILY = "1,2";
			};
			name = Debug;
		};
		A87C39FA2001F1F1004CBAC2 /* Release */ = {
			isa = XCBuildConfiguration;
			buildSettings = {
				ASSETCATALOG_COMPILER_APPICON_NAME = AppIcon;
				CODE_SIGN_STYLE = Automatic;
				DEVELOPMENT_TEAM = CQXBT69VFB;
				INFOPLIST_FILE = CryptoTicker/Info.plist;
				LD_RUNPATH_SEARCH_PATHS = "$(inherited) @executable_path/Frameworks";
				PRODUCT_BUNDLE_IDENTIFIER = com.adriansmith.CryptoTicker;
				PRODUCT_NAME = "$(TARGET_NAME)";
				SWIFT_VERSION = 4.0;
				TARGETED_DEVICE_FAMILY = "1,2";
			};
			name = Release;
		};
/* End XCBuildConfiguration section */

/* Begin XCConfigurationList section */
		A87C39E12001F1F1004CBAC2 /* Build configuration list for PBXProject "CryptoTicker" */ = {
			isa = XCConfigurationList;
			buildConfigurations = (
				A87C39F62001F1F1004CBAC2 /* Debug */,
				A87C39F72001F1F1004CBAC2 /* Release */,
			);
			defaultConfigurationIsVisible = 0;
			defaultConfigurationName = Release;
		};
		A87C39F82001F1F1004CBAC2 /* Build configuration list for PBXNativeTarget "CryptoTicker" */ = {
			isa = XCConfigurationList;
			buildConfigurations = (
				A87C39F92001F1F1004CBAC2 /* Debug */,
				A87C39FA2001F1F1004CBAC2 /* Release */,
			);
			defaultConfigurationIsVisible = 0;
			defaultConfigurationName = Release;
		};
/* End XCConfigurationList section */
	};
	rootObject = A87C39DE2001F1F1004CBAC2 /* Project object */;
}
